
Microsoft Visual Studio Solution File, Format Version 12.00
# Visual Studio Version 16
VisualStudioVersion = 16.0.29025.244
MinimumVisualStudioVersion = 10.0.40219.1
Project("{9092AA53-FB77-4645-B42D-1CCCA6BD08BD}") = "kebapi", "kebapi.njsproj", "{46AEB387-BB5D-4914-81A8-3B1A59BCB248}"
EndProject
Global
	GlobalSection(SolutionConfigurationPlatforms) = preSolution
		Debug|Any CPU = Debug|Any CPU
		Release|Any CPU = Release|Any CPU
	EndGlobalSection
	GlobalSection(ProjectConfigurationPlatforms) = postSolution
		{46AEB387-BB5D-4914-81A8-3B1A59BCB248}.Debug|Any CPU.ActiveCfg = Debug|Any CPU
		{46AEB387-BB5D-4914-81A8-3B1A59BCB248}.Debug|Any CPU.Build.0 = Debug|Any CPU
		{46AEB387-BB5D-4914-81A8-3B1A59BCB248}.Release|Any CPU.ActiveCfg = Release|Any CPU
		{46AEB387-BB5D-4914-81A8-3B1A59BCB248}.Release|Any CPU.Build.0 = Release|Any CPU
	EndGlobalSection
	GlobalSection(SolutionProperties) = preSolution
		HideSolutionNode = FALSE
	EndGlobalSection
	GlobalSection(ExtensibilityGlobals) = postSolution
		SolutionGuid = {8DA5F692-0876-44B2-A0B1-49320B0BB238}
	EndGlobalSection
EndGlobal
